{
  "name": "example",
  "version": "1.1.1",
  "lockfileVersion": 1,
  "requires": true,
  "dependencies": {
    "my-math-functions": {
      "version": "1.1.0",
      "resolved": "https://registry.npmjs.org/my-math-functions/-/my-math-functions-1.1.0.tgz",
      "integrity": "sha512-uNXhYrznR4Vwd8Pb1PIDFOFih9JUnaJleGRdoY17oa9XJJSy2TvFXXpLBnbqFiNVMPU5Z+J6z1iC+Duic2YOng=="
    }
  }
}
